{
  "name": "hono-inkjs",
  "lockfileVersion": 3,
  "requires": true,
  "packages": {
    "": {
      "dependencies": {
        "hono": "^3.10.1"
      },
      "devDependencies": {
        "bun-types": "^1.0.7"
      }
    },
    "node_modules/bun-types": {
      "version": "1.0.12",
      "resolved": "https://registry.npmjs.org/bun-types/-/bun-types-1.0.12.tgz",
      "integrity": "sha512-jGXEQ9pkp1kwdgYY6X6SPP5V4kxEGGZQaZMEKUVeJ7T1/XFyrAwL4AeaM4lSvjYqwsPXIDdKCFgw5M1KLoK4qw==",
      "dev": true
    },
    "node_modules/hono": {
      "version": "3.10.1",
      "resolved": "https://registry.npmjs.org/hono/-/hono-3.10.1.tgz",
      "integrity": "sha512-4jPKCmYWLAoCMpmvOU+xNOQYdcNftip7sM/IsO8EPyGAtjk9fGNyUchG6huSzLrY449WDNGFPetVs5doepNnlA==",
      "engines": {
        "node": ">=16.0.0"
      }
    }
  }
}
